
Microsoft Visual Studio Solution File, Format Version 11.00
# Visual C++ Express 2010
Project("{8BC9CEB8-8B4A-11D0-8D11-00A0C91BC942}") = "visiteurVerbes", "visiteurVerbes\visiteurVerbes.vcxproj", "{79518985-5638-4058-A7B3-BC6C1BE77A03}"
EndProject
Global
	GlobalSection(SolutionConfigurationPlatforms) = preSolution
		Debug|Win32 = Debug|Win32
		Release|Win32 = Release|Win32
	EndGlobalSection
	GlobalSection(ProjectConfigurationPlatforms) = postSolution
		{79518985-5638-4058-A7B3-BC6C1BE77A03}.Debug|Win32.ActiveCfg = Debug|Win32
		{79518985-5638-4058-A7B3-BC6C1BE77A03}.Debug|Win32.Build.0 = Debug|Win32
		{79518985-5638-4058-A7B3-BC6C1BE77A03}.Release|Win32.ActiveCfg = Release|Win32
		{79518985-5638-4058-A7B3-BC6C1BE77A03}.Release|Win32.Build.0 = Release|Win32
	EndGlobalSection
	GlobalSection(SolutionProperties) = preSolution
		HideSolutionNode = FALSE
	EndGlobalSection
EndGlobal
